
Microsoft Visual Studio Solution File, Format Version 12.00
# Visual Studio Version 17
VisualStudioVersion = 17.0.32014.148
MinimumVisualStudioVersion = 10.0.40219.1
Project("{9A19103F-16F7-4668-BE54-9A1E7A4F7556}") = "Sandbox", "Sandbox\Sandbox.csproj", "{628DF960-3212-42F0-A19F-A29208D79AB8}"
EndProject
Project("{9A19103F-16F7-4668-BE54-9A1E7A4F7556}") = "EFModel", "EFModel\EFModel.csproj", "{AAB987F0-11AC-4E67-BA15-DE0812B19F1C}"
EndProject
Project("{9A19103F-16F7-4668-BE54-9A1E7A4F7556}") = "DomainObjects", "DomainObjects\DomainObjects.csproj", "{5DD59D17-5A7F-41F0-A79D-5E029BB303D7}"
EndProject
Project("{FAE04EC0-301F-11D3-BF4B-00C04F79EFBC}") = "WebAPI", "WebAPI\WebAPI.csproj", "{9DA30210-0D82-4CA4-9241-ABBCCAA4B9CF}"
EndProject
Global
	GlobalSection(SolutionConfigurationPlatforms) = preSolution
		Debug|Any CPU = Debug|Any CPU
		Release|Any CPU = Release|Any CPU
	EndGlobalSection
	GlobalSection(ProjectConfigurationPlatforms) = postSolution
		{628DF960-3212-42F0-A19F-A29208D79AB8}.Debug|Any CPU.ActiveCfg = Debug|Any CPU
		{628DF960-3212-42F0-A19F-A29208D79AB8}.Debug|Any CPU.Build.0 = Debug|Any CPU
		{628DF960-3212-42F0-A19F-A29208D79AB8}.Release|Any CPU.ActiveCfg = Release|Any CPU
		{628DF960-3212-42F0-A19F-A29208D79AB8}.Release|Any CPU.Build.0 = Release|Any CPU
		{AAB987F0-11AC-4E67-BA15-DE0812B19F1C}.Debug|Any CPU.ActiveCfg = Debug|Any CPU
		{AAB987F0-11AC-4E67-BA15-DE0812B19F1C}.Debug|Any CPU.Build.0 = Debug|Any CPU
		{AAB987F0-11AC-4E67-BA15-DE0812B19F1C}.Release|Any CPU.ActiveCfg = Release|Any CPU
		{AAB987F0-11AC-4E67-BA15-DE0812B19F1C}.Release|Any CPU.Build.0 = Release|Any CPU
		{5DD59D17-5A7F-41F0-A79D-5E029BB303D7}.Debug|Any CPU.ActiveCfg = Debug|Any CPU
		{5DD59D17-5A7F-41F0-A79D-5E029BB303D7}.Debug|Any CPU.Build.0 = Debug|Any CPU
		{5DD59D17-5A7F-41F0-A79D-5E029BB303D7}.Release|Any CPU.ActiveCfg = Release|Any CPU
		{5DD59D17-5A7F-41F0-A79D-5E029BB303D7}.Release|Any CPU.Build.0 = Release|Any CPU
		{9DA30210-0D82-4CA4-9241-ABBCCAA4B9CF}.Debug|Any CPU.ActiveCfg = Debug|Any CPU
		{9DA30210-0D82-4CA4-9241-ABBCCAA4B9CF}.Debug|Any CPU.Build.0 = Debug|Any CPU
		{9DA30210-0D82-4CA4-9241-ABBCCAA4B9CF}.Release|Any CPU.ActiveCfg = Release|Any CPU
		{9DA30210-0D82-4CA4-9241-ABBCCAA4B9CF}.Release|Any CPU.Build.0 = Release|Any CPU
	EndGlobalSection
	GlobalSection(SolutionProperties) = preSolution
		HideSolutionNode = FALSE
	EndGlobalSection
	GlobalSection(ExtensibilityGlobals) = postSolution
		SolutionGuid = {61A489C3-15A5-444B-A82B-2182299519C4}
	EndGlobalSection
EndGlobal
